
Microsoft Visual Studio Solution File, Format Version 11.00
# Visual Studio 2010
Project("{FAE04EC0-301F-11D3-BF4B-00C04F79EFBC}") = "ClaseBase", "ClaseBase\ClaseBase.csproj", "{3B637F31-BA6C-4A6F-A4DD-3F4C013E4919}"
EndProject
Project("{FAE04EC0-301F-11D3-BF4B-00C04F79EFBC}") = "Vistas", "Vistas\Vistas.csproj", "{DA252DEC-C762-4245-A1F6-4462AD207F70}"
EndProject
Global
	GlobalSection(SolutionConfigurationPlatforms) = preSolution
		Debug|Any CPU = Debug|Any CPU
		Debug|Mixed Platforms = Debug|Mixed Platforms
		Debug|x86 = Debug|x86
		Release|Any CPU = Release|Any CPU
		Release|Mixed Platforms = Release|Mixed Platforms
		Release|x86 = Release|x86
	EndGlobalSection
	GlobalSection(ProjectConfigurationPlatforms) = postSolution
		{3B637F31-BA6C-4A6F-A4DD-3F4C013E4919}.Debug|Any CPU.ActiveCfg = Debug|Any CPU
		{3B637F31-BA6C-4A6F-A4DD-3F4C013E4919}.Debug|Any CPU.Build.0 = Debug|Any CPU
		{3B637F31-BA6C-4A6F-A4DD-3F4C013E4919}.Debug|Mixed Platforms.ActiveCfg = Debug|Any CPU
		{3B637F31-BA6C-4A6F-A4DD-3F4C013E4919}.Debug|Mixed Platforms.Build.0 = Debug|Any CPU
		{3B637F31-BA6C-4A6F-A4DD-3F4C013E4919}.Debug|x86.ActiveCfg = Debug|Any CPU
		{3B637F31-BA6C-4A6F-A4DD-3F4C013E4919}.Release|Any CPU.ActiveCfg = Release|Any CPU
		{3B637F31-BA6C-4A6F-A4DD-3F4C013E4919}.Release|Any CPU.Build.0 = Release|Any CPU
		{3B637F31-BA6C-4A6F-A4DD-3F4C013E4919}.Release|Mixed Platforms.ActiveCfg = Release|Any CPU
		{3B637F31-BA6C-4A6F-A4DD-3F4C013E4919}.Release|Mixed Platforms.Build.0 = Release|Any CPU
		{3B637F31-BA6C-4A6F-A4DD-3F4C013E4919}.Release|x86.ActiveCfg = Release|Any CPU
		{DA252DEC-C762-4245-A1F6-4462AD207F70}.Debug|Any CPU.ActiveCfg = Debug|x86
		{DA252DEC-C762-4245-A1F6-4462AD207F70}.Debug|Mixed Platforms.ActiveCfg = Debug|x86
		{DA252DEC-C762-4245-A1F6-4462AD207F70}.Debug|Mixed Platforms.Build.0 = Debug|x86
		{DA252DEC-C762-4245-A1F6-4462AD207F70}.Debug|x86.ActiveCfg = Debug|x86
		{DA252DEC-C762-4245-A1F6-4462AD207F70}.Debug|x86.Build.0 = Debug|x86
		{DA252DEC-C762-4245-A1F6-4462AD207F70}.Release|Any CPU.ActiveCfg = Release|x86
		{DA252DEC-C762-4245-A1F6-4462AD207F70}.Release|Mixed Platforms.ActiveCfg = Release|x86
		{DA252DEC-C762-4245-A1F6-4462AD207F70}.Release|Mixed Platforms.Build.0 = Release|x86
		{DA252DEC-C762-4245-A1F6-4462AD207F70}.Release|x86.ActiveCfg = Release|x86
		{DA252DEC-C762-4245-A1F6-4462AD207F70}.Release|x86.Build.0 = Release|x86
	EndGlobalSection
	GlobalSection(SolutionProperties) = preSolution
		HideSolutionNode = FALSE
	EndGlobalSection
EndGlobal
